
Microsoft Visual Studio Solution File, Format Version 12.00
# Visual Studio Version 17
VisualStudioVersion = 17.3.32505.426
MinimumVisualStudioVersion = 10.0.40219.1
Project("{FAE04EC0-301F-11D3-BF4B-00C04F79EFBC}") = "MakeConst", "MakeConst\MakeConst\MakeConst.csproj", "{7D60BDFB-2703-4BC4-8A3F-680D7BC6C069}"
EndProject
Project("{FAE04EC0-301F-11D3-BF4B-00C04F79EFBC}") = "MakeConst.CodeFixes", "MakeConst\MakeConst.CodeFixes\MakeConst.CodeFixes.csproj", "{C0B79A61-492E-4582-BED1-8F6338578329}"
EndProject
Project("{FAE04EC0-301F-11D3-BF4B-00C04F79EFBC}") = "MakeConst.Package", "MakeConst\MakeConst.Package\MakeConst.Package.csproj", "{AFC12716-778C-4806-B5E0-C967CF9806DE}"
EndProject
Project("{FAE04EC0-301F-11D3-BF4B-00C04F79EFBC}") = "MakeConst.Test", "MakeConst\MakeConst.Test\MakeConst.Test.csproj", "{009FAD59-8983-4A08-96E0-25EF5FCF332C}"
EndProject
Project("{FAE04EC0-301F-11D3-BF4B-00C04F79EFBC}") = "MakeConst.Vsix", "MakeConst\MakeConst.Vsix\MakeConst.Vsix.csproj", "{21CE412A-D3A9-42C6-BB4C-9C85C0C5C2B1}"
EndProject
Global
	GlobalSection(SolutionConfigurationPlatforms) = preSolution
		Debug|Any CPU = Debug|Any CPU
		Release|Any CPU = Release|Any CPU
	EndGlobalSection
	GlobalSection(ProjectConfigurationPlatforms) = postSolution
		{7D60BDFB-2703-4BC4-8A3F-680D7BC6C069}.Debug|Any CPU.ActiveCfg = Debug|Any CPU
		{7D60BDFB-2703-4BC4-8A3F-680D7BC6C069}.Debug|Any CPU.Build.0 = Debug|Any CPU
		{7D60BDFB-2703-4BC4-8A3F-680D7BC6C069}.Release|Any CPU.ActiveCfg = Release|Any CPU
		{7D60BDFB-2703-4BC4-8A3F-680D7BC6C069}.Release|Any CPU.Build.0 = Release|Any CPU
		{C0B79A61-492E-4582-BED1-8F6338578329}.Debug|Any CPU.ActiveCfg = Debug|Any CPU
		{C0B79A61-492E-4582-BED1-8F6338578329}.Debug|Any CPU.Build.0 = Debug|Any CPU
		{C0B79A61-492E-4582-BED1-8F6338578329}.Release|Any CPU.ActiveCfg = Release|Any CPU
		{C0B79A61-492E-4582-BED1-8F6338578329}.Release|Any CPU.Build.0 = Release|Any CPU
		{AFC12716-778C-4806-B5E0-C967CF9806DE}.Debug|Any CPU.ActiveCfg = Debug|Any CPU
		{AFC12716-778C-4806-B5E0-C967CF9806DE}.Debug|Any CPU.Build.0 = Debug|Any CPU
		{AFC12716-778C-4806-B5E0-C967CF9806DE}.Release|Any CPU.ActiveCfg = Release|Any CPU
		{AFC12716-778C-4806-B5E0-C967CF9806DE}.Release|Any CPU.Build.0 = Release|Any CPU
		{009FAD59-8983-4A08-96E0-25EF5FCF332C}.Debug|Any CPU.ActiveCfg = Debug|Any CPU
		{009FAD59-8983-4A08-96E0-25EF5FCF332C}.Debug|Any CPU.Build.0 = Debug|Any CPU
		{009FAD59-8983-4A08-96E0-25EF5FCF332C}.Release|Any CPU.ActiveCfg = Release|Any CPU
		{009FAD59-8983-4A08-96E0-25EF5FCF332C}.Release|Any CPU.Build.0 = Release|Any CPU
		{21CE412A-D3A9-42C6-BB4C-9C85C0C5C2B1}.Debug|Any CPU.ActiveCfg = Debug|Any CPU
		{21CE412A-D3A9-42C6-BB4C-9C85C0C5C2B1}.Debug|Any CPU.Build.0 = Debug|Any CPU
		{21CE412A-D3A9-42C6-BB4C-9C85C0C5C2B1}.Release|Any CPU.ActiveCfg = Release|Any CPU
		{21CE412A-D3A9-42C6-BB4C-9C85C0C5C2B1}.Release|Any CPU.Build.0 = Release|Any CPU
	EndGlobalSection
	GlobalSection(SolutionProperties) = preSolution
		HideSolutionNode = FALSE
	EndGlobalSection
	GlobalSection(ExtensibilityGlobals) = postSolution
		SolutionGuid = {ED0F8093-1052-4916-AC65-5612534A1CFB}
	EndGlobalSection
EndGlobal
